// !$*UTF8*$!
{
	archiveVersion = 1;
	classes = {
	};
	objectVersion = 50;
	objects = {

/* Begin PBXBuildFile section */
		6B685E742243CA7800625DF2 /* AppDelegate.swift in Sources */ = {isa = PBXBuildFile; fileRef = 6B685E732243CA7800625DF2 /* AppDelegate.swift */; };
		6B685E762243CA7800625DF2 /* ViewController.swift in Sources */ = {isa = PBXBuildFile; fileRef = 6B685E752243CA7800625DF2 /* ViewController.swift */; };
		6B685E792243CA7800625DF2 /* Main.storyboard in Resources */ = {isa = PBXBuildFile; fileRef = 6B685E772243CA7800625DF2 /* Main.storyboard */; };
		6B685E7B2243CA7800625DF2 /* Assets.xcassets in Resources */ = {isa = PBXBuildFile; fileRef = 6B685E7A2243CA7800625DF2 /* Assets.xcassets */; };
		6B685E7E2243CA7800625DF2 /* LaunchScreen.storyboard in Resources */ = {isa = PBXBuildFile; fileRef = 6B685E7C2243CA7800625DF2 /* LaunchScreen.storyboard */; };
		6BEB0D312243CD0600599A81 /* TasksListViewController.swift in Sources */ = {isa = PBXBuildFile; fileRef = 6BEB0D302243CD0600599A81 /* TasksListViewController.swift */; };
		6BEB0D342244A6B000599A81 /* UIStoryboard.swift in Sources */ = {isa = PBXBuildFile; fileRef = 6BEB0D332244A6B000599A81 /* UIStoryboard.swift */; };
		6BEB0D382244A7EB00599A81 /* Task.swift in Sources */ = {isa = PBXBuildFile; fileRef = 6BEB0D372244A7EB00599A81 /* Task.swift */; };
		6BEB0D3A2244A82500599A81 /* SimpleTask.swift in Sources */ = {isa = PBXBuildFile; fileRef = 6BEB0D392244A82500599A81 /* SimpleTask.swift */; };
		6BEB0D412244AF2C00599A81 /* TasksStorage.swift in Sources */ = {isa = PBXBuildFile; fileRef = 6BEB0D402244AF2C00599A81 /* TasksStorage.swift */; };
		6BEB0D432244B76A00599A81 /* TaskWithoutTasks.swift in Sources */ = {isa = PBXBuildFile; fileRef = 6BEB0D422244B76A00599A81 /* TaskWithoutTasks.swift */; };
		6BEB0D4B2244FD5500599A81 /* 4.json in Resources */ = {isa = PBXBuildFile; fileRef = 6BEB0D482244FD5500599A81 /* 4.json */; };
		6BEB0D4C2244FD5500599A81 /* 1.json in Resources */ = {isa = PBXBuildFile; fileRef = 6BEB0D492244FD5500599A81 /* 1.json */; };
		6BEB0D4D2244FD5500599A81 /* 2.json in Resources */ = {isa = PBXBuildFile; fileRef = 6BEB0D4A2244FD5500599A81 /* 2.json */; };
		6BEB0D4F2244FD9F00599A81 /* PersonParser.swift in Sources */ = {isa = PBXBuildFile; fileRef = 6BEB0D4E2244FD9F00599A81 /* PersonParser.swift */; };
		6BEB0D512244FDDC00599A81 /* Person.swift in Sources */ = {isa = PBXBuildFile; fileRef = 6BEB0D502244FDDC00599A81 /* Person.swift */; };
		6BEB0D532244FE7F00599A81 /* PersonParser1.swift in Sources */ = {isa = PBXBuildFile; fileRef = 6BEB0D522244FE7F00599A81 /* PersonParser1.swift */; };
		6BEB0D552245021500599A81 /* PersonParser2.swift in Sources */ = {isa = PBXBuildFile; fileRef = 6BEB0D542245021500599A81 /* PersonParser2.swift */; };
		6BEB0D572245025A00599A81 /* PersonParser3.swift in Sources */ = {isa = PBXBuildFile; fileRef = 6BEB0D562245025A00599A81 /* PersonParser3.swift */; };
		6BEB0D59224504F700599A81 /* 3.json in Resources */ = {isa = PBXBuildFile; fileRef = 6BEB0D582245044200599A81 /* 3.json */; };
/* End PBXBuildFile section */

/* Begin PBXFileReference section */
		6B685E702243CA7800625DF2 /* TasksWithTasks.app */ = {isa = PBXFileReference; explicitFileType = wrapper.application; includeInIndex = 0; path = TasksWithTasks.app; sourceTree = BUILT_PRODUCTS_DIR; };
		6B685E732243CA7800625DF2 /* AppDelegate.swift */ = {isa = PBXFileReference; lastKnownFileType = sourcecode.swift; path = AppDelegate.swift; sourceTree = "<group>"; };
		6B685E752243CA7800625DF2 /* ViewController.swift */ = {isa = PBXFileReference; lastKnownFileType = sourcecode.swift; path = ViewController.swift; sourceTree = "<group>"; };
		6B685E782243CA7800625DF2 /* Base */ = {isa = PBXFileReference; lastKnownFileType = file.storyboard; name = Base; path = Base.lproj/Main.storyboard; sourceTree = "<group>"; };
		6B685E7A2243CA7800625DF2 /* Assets.xcassets */ = {isa = PBXFileReference; lastKnownFileType = folder.assetcatalog; path = Assets.xcassets; sourceTree = "<group>"; };
		6B685E7D2243CA7800625DF2 /* Base */ = {isa = PBXFileReference; lastKnownFileType = file.storyboard; name = Base; path = Base.lproj/LaunchScreen.storyboard; sourceTree = "<group>"; };
		6B685E7F2243CA7800625DF2 /* Info.plist */ = {isa = PBXFileReference; lastKnownFileType = text.plist.xml; path = Info.plist; sourceTree = "<group>"; };
		6BEB0D302243CD0600599A81 /* TasksListViewController.swift */ = {isa = PBXFileReference; lastKnownFileType = sourcecode.swift; path = TasksListViewController.swift; sourceTree = "<group>"; };
		6BEB0D332244A6B000599A81 /* UIStoryboard.swift */ = {isa = PBXFileReference; lastKnownFileType = sourcecode.swift; path = UIStoryboard.swift; sourceTree = "<group>"; };
		6BEB0D372244A7EB00599A81 /* Task.swift */ = {isa = PBXFileReference; lastKnownFileType = sourcecode.swift; path = Task.swift; sourceTree = "<group>"; };
		6BEB0D392244A82500599A81 /* SimpleTask.swift */ = {isa = PBXFileReference; lastKnownFileType = sourcecode.swift; path = SimpleTask.swift; sourceTree = "<group>"; };
		6BEB0D402244AF2C00599A81 /* TasksStorage.swift */ = {isa = PBXFileReference; lastKnownFileType = sourcecode.swift; path = TasksStorage.swift; sourceTree = "<group>"; };
		6BEB0D422244B76A00599A81 /* TaskWithoutTasks.swift */ = {isa = PBXFileReference; lastKnownFileType = sourcecode.swift; path = TaskWithoutTasks.swift; sourceTree = "<group>"; };
		6BEB0D482244FD5500599A81 /* 4.json */ = {isa = PBXFileReference; fileEncoding = 4; lastKnownFileType = text.json; path = 4.json; sourceTree = "<group>"; };
		6BEB0D492244FD5500599A81 /* 1.json */ = {isa = PBXFileReference; fileEncoding = 4; lastKnownFileType = text.json; path = 1.json; sourceTree = "<group>"; };
		6BEB0D4A2244FD5500599A81 /* 2.json */ = {isa = PBXFileReference; fileEncoding = 4; lastKnownFileType = text.json; path = 2.json; sourceTree = "<group>"; };
		6BEB0D4E2244FD9F00599A81 /* PersonParser.swift */ = {isa = PBXFileReference; lastKnownFileType = sourcecode.swift; path = PersonParser.swift; sourceTree = "<group>"; };
		6BEB0D502244FDDC00599A81 /* Person.swift */ = {isa = PBXFileReference; lastKnownFileType = sourcecode.swift; path = Person.swift; sourceTree = "<group>"; };
		6BEB0D522244FE7F00599A81 /* PersonParser1.swift */ = {isa = PBXFileReference; lastKnownFileType = sourcecode.swift; path = PersonParser1.swift; sourceTree = "<group>"; };
		6BEB0D542245021500599A81 /* PersonParser2.swift */ = {isa = PBXFileReference; lastKnownFileType = sourcecode.swift; path = PersonParser2.swift; sourceTree = "<group>"; };
		6BEB0D562245025A00599A81 /* PersonParser3.swift */ = {isa = PBXFileReference; lastKnownFileType = sourcecode.swift; path = PersonParser3.swift; sourceTree = "<group>"; };
		6BEB0D582245044200599A81 /* 3.json */ = {isa = PBXFileReference; lastKnownFileType = text.json; path = 3.json; sourceTree = "<group>"; };
/* End PBXFileReference section */

/* Begin PBXFrameworksBuildPhase section */
		6B685E6D2243CA7800625DF2 /* Frameworks */ = {
			isa = PBXFrameworksBuildPhase;
			buildActionMask = 2147483647;
			files = (
			);
			runOnlyForDeploymentPostprocessing = 0;
		};
/* End PBXFrameworksBuildPhase section */

/* Begin PBXGroup section */
		6B685E672243CA7800625DF2 = {
			isa = PBXGroup;
			children = (
				6B685E722243CA7800625DF2 /* TasksWithTasks */,
				6B685E712243CA7800625DF2 /* Products */,
			);
			sourceTree = "<group>";
		};
		6B685E712243CA7800625DF2 /* Products */ = {
			isa = PBXGroup;
			children = (
				6B685E702243CA7800625DF2 /* TasksWithTasks.app */,
			);
			name = Products;
			sourceTree = "<group>";
		};
		6B685E722243CA7800625DF2 /* TasksWithTasks */ = {
			isa = PBXGroup;
			children = (
				6BEB0D442244FB0700599A81 /* JSONParse */,
				6B685E732243CA7800625DF2 /* AppDelegate.swift */,
				6BEB0D3D2244ACC500599A81 /* DataBase */,
				6BEB0D322244A69700599A81 /* Extensions */,
				6B685E752243CA7800625DF2 /* ViewController.swift */,
				6BEB0D302243CD0600599A81 /* TasksListViewController.swift */,
				6B685E772243CA7800625DF2 /* Main.storyboard */,
				6BEB0D372244A7EB00599A81 /* Task.swift */,
				6BEB0D392244A82500599A81 /* SimpleTask.swift */,
				6BEB0D422244B76A00599A81 /* TaskWithoutTasks.swift */,
				6B685E7A2243CA7800625DF2 /* Assets.xcassets */,
				6B685E7C2243CA7800625DF2 /* LaunchScreen.storyboard */,
				6B685E7F2243CA7800625DF2 /* Info.plist */,
			);
			path = TasksWithTasks;
			sourceTree = "<group>";
		};
		6BEB0D322244A69700599A81 /* Extensions */ = {
			isa = PBXGroup;
			children = (
				6BEB0D332244A6B000599A81 /* UIStoryboard.swift */,
			);
			path = Extensions;
			sourceTree = "<group>";
		};
		6BEB0D3D2244ACC500599A81 /* DataBase */ = {
			isa = PBXGroup;
			children = (
				6BEB0D402244AF2C00599A81 /* TasksStorage.swift */,
			);
			path = DataBase;
			sourceTree = "<group>";
		};
		6BEB0D442244FB0700599A81 /* JSONParse */ = {
			isa = PBXGroup;
			children = (
				6BEB0D472244FBB700599A81 /* Resource */,
				6BEB0D4E2244FD9F00599A81 /* PersonParser.swift */,
				6BEB0D522244FE7F00599A81 /* PersonParser1.swift */,
				6BEB0D542245021500599A81 /* PersonParser2.swift */,
				6BEB0D562245025A00599A81 /* PersonParser3.swift */,
				6BEB0D502244FDDC00599A81 /* Person.swift */,
			);
			path = JSONParse;
			sourceTree = "<group>";
		};
		6BEB0D472244FBB700599A81 /* Resource */ = {
			isa = PBXGroup;
			children = (
				6BEB0D492244FD5500599A81 /* 1.json */,
				6BEB0D4A2244FD5500599A81 /* 2.json */,
				6BEB0D582245044200599A81 /* 3.json */,
				6BEB0D482244FD5500599A81 /* 4.json */,
			);
			path = Resource;
			sourceTree = "<group>";
		};
/* End PBXGroup section */

/* Begin PBXNativeTarget section */
		6B685E6F2243CA7800625DF2 /* TasksWithTasks */ = {
			isa = PBXNativeTarget;
			buildConfigurationList = 6B685E822243CA7800625DF2 /* Build configuration list for PBXNativeTarget "TasksWithTasks" */;
			buildPhases = (
				6B685E6C2243CA7800625DF2 /* Sources */,
				6B685E6D2243CA7800625DF2 /* Frameworks */,
				6B685E6E2243CA7800625DF2 /* Resources */,
			);
			buildRules = (
			);
			dependencies = (
			);
			name = TasksWithTasks;
			productName = TasksWithTasks;
			productReference = 6B685E702243CA7800625DF2 /* TasksWithTasks.app */;
			productType = "com.apple.product-type.application";
		};
/* End PBXNativeTarget section */

/* Begin PBXProject section */
		6B685E682243CA7800625DF2 /* Project object */ = {
			isa = PBXProject;
			attributes = {
				LastSwiftUpdateCheck = 1010;
				LastUpgradeCheck = 1010;
				ORGANIZATIONNAME = "Dinar Ilalov";
				TargetAttributes = {
					6B685E6F2243CA7800625DF2 = {
						CreatedOnToolsVersion = 10.1;
					};
				};
			};
			buildConfigurationList = 6B685E6B2243CA7800625DF2 /* Build configuration list for PBXProject "TasksWithTasks" */;
			compatibilityVersion = "Xcode 9.3";
			developmentRegion = en;
			hasScannedForEncodings = 0;
			knownRegions = (
				en,
				Base,
			);
			mainGroup = 6B685E672243CA7800625DF2;
			productRefGroup = 6B685E712243CA7800625DF2 /* Products */;
			projectDirPath = "";
			projectRoot = "";
			targets = (
				6B685E6F2243CA7800625DF2 /* TasksWithTasks */,
			);
		};
/* End PBXProject section */

/* Begin PBXResourcesBuildPhase section */
		6B685E6E2243CA7800625DF2 /* Resources */ = {
			isa = PBXResourcesBuildPhase;
			buildActionMask = 2147483647;
			files = (
				6BEB0D4B2244FD5500599A81 /* 4.json in Resources */,
				6BEB0D4C2244FD5500599A81 /* 1.json in Resources */,
				6B685E7E2243CA7800625DF2 /* LaunchScreen.storyboard in Resources */,
				6BEB0D59224504F700599A81 /* 3.json in Resources */,
				6BEB0D4D2244FD5500599A81 /* 2.json in Resources */,
				6B685E7B2243CA7800625DF2 /* Assets.xcassets in Resources */,
				6B685E792243CA7800625DF2 /* Main.storyboard in Resources */,
			);
			runOnlyForDeploymentPostprocessing = 0;
		};
/* End PBXResourcesBuildPhase section */

/* Begin PBXSourcesBuildPhase section */
		6B685E6C2243CA7800625DF2 /* Sources */ = {
			isa = PBXSourcesBuildPhase;
			buildActionMask = 2147483647;
			files = (
				6BEB0D512244FDDC00599A81 /* Person.swift in Sources */,
				6BEB0D572245025A00599A81 /* PersonParser3.swift in Sources */,
				6BEB0D342244A6B000599A81 /* UIStoryboard.swift in Sources */,
				6B685E762243CA7800625DF2 /* ViewController.swift in Sources */,
				6BEB0D382244A7EB00599A81 /* Task.swift in Sources */,
				6BEB0D312243CD0600599A81 /* TasksListViewController.swift in Sources */,
				6BEB0D3A2244A82500599A81 /* SimpleTask.swift in Sources */,
				6BEB0D412244AF2C00599A81 /* TasksStorage.swift in Sources */,
				6BEB0D432244B76A00599A81 /* TaskWithoutTasks.swift in Sources */,
				6B685E742243CA7800625DF2 /* AppDelegate.swift in Sources */,
				6BEB0D532244FE7F00599A81 /* PersonParser1.swift in Sources */,
				6BEB0D4F2244FD9F00599A81 /* PersonParser.swift in Sources */,
				6BEB0D552245021500599A81 /* PersonParser2.swift in Sources */,
			);
			runOnlyForDeploymentPostprocessing = 0;
		};
/* End PBXSourcesBuildPhase section */

/* Begin PBXVariantGroup section */
		6B685E772243CA7800625DF2 /* Main.storyboard */ = {
			isa = PBXVariantGroup;
			children = (
				6B685E782243CA7800625DF2 /* Base */,
			);
			name = Main.storyboard;
			sourceTree = "<group>";
		};
		6B685E7C2243CA7800625DF2 /* LaunchScreen.storyboard */ = {
			isa = PBXVariantGroup;
			children = (
				6B685E7D2243CA7800625DF2 /* Base */,
			);
			name = LaunchScreen.storyboard;
			sourceTree = "<group>";
		};
/* End PBXVariantGroup section */

/* Begin XCBuildConfiguration section */
		6B685E802243CA7800625DF2 /* Debug */ = {
			isa = XCBuildConfiguration;
			buildSettings = {
				ALWAYS_SEARCH_USER_PATHS = NO;
				CLANG_ANALYZER_NONNULL = YES;
				CLANG_ANALYZER_NUMBER_OBJECT_CONVERSION = YES_AGGRESSIVE;
				CLANG_CXX_LANGUAGE_STANDARD = "gnu++14";
				CLANG_CXX_LIBRARY = "libc++";
				CLANG_ENABLE_MODULES = YES;
				CLANG_ENABLE_OBJC_ARC = YES;
				CLANG_ENABLE_OBJC_WEAK = YES;
				CLANG_WARN_BLOCK_CAPTURE_AUTORELEASING = YES;
				CLANG_WARN_BOOL_CONVERSION = YES;
				CLANG_WARN_COMMA = YES;
				CLANG_WARN_CONSTANT_CONVERSION = YES;
				CLANG_WARN_DEPRECATED_OBJC_IMPLEMENTATIONS = YES;
				CLANG_WARN_DIRECT_OBJC_ISA_USAGE = YES_ERROR;
				CLANG_WARN_DOCUMENTATION_COMMENTS = YES;
				CLANG_WARN_EMPTY_BODY = YES;
				CLANG_WARN_ENUM_CONVERSION = YES;
				CLANG_WARN_INFINITE_RECURSION = YES;
				CLANG_WARN_INT_CONVERSION = YES;
				CLANG_WARN_NON_LITERAL_NULL_CONVERSION = YES;
				CLANG_WARN_OBJC_IMPLICIT_RETAIN_SELF = YES;
				CLANG_WARN_OBJC_LITERAL_CONVERSION = YES;
				CLANG_WARN_OBJC_ROOT_CLASS = YES_ERROR;
				CLANG_WARN_RANGE_LOOP_ANALYSIS = YES;
				CLANG_WARN_STRICT_PROTOTYPES = YES;
				CLANG_WARN_SUSPICIOUS_MOVE = YES;
				CLANG_WARN_UNGUARDED_AVAILABILITY = YES_AGGRESSIVE;
				CLANG_WARN_UNREACHABLE_CODE = YES;
				CLANG_WARN__DUPLICATE_METHOD_MATCH = YES;
				CODE_SIGN_IDENTITY = "iPhone Developer";
				COPY_PHASE_STRIP = NO;
				DEBUG_INFORMATION_FORMAT = dwarf;
				ENABLE_STRICT_OBJC_MSGSEND = YES;
				ENABLE_TESTABILITY = YES;
				GCC_C_LANGUAGE_STANDARD = gnu11;
				GCC_DYNAMIC_NO_PIC = NO;
				GCC_NO_COMMON_BLOCKS = YES;
				GCC_OPTIMIZATION_LEVEL = 0;
				GCC_PREPROCESSOR_DEFINITIONS = (
					"DEBUG=1",
					"$(inherited)",
				);
				GCC_WARN_64_TO_32_BIT_CONVERSION = YES;
				GCC_WARN_ABOUT_RETURN_TYPE = YES_ERROR;
				GCC_WARN_UNDECLARED_SELECTOR = YES;
				GCC_WARN_UNINITIALIZED_AUTOS = YES_AGGRESSIVE;
				GCC_WARN_UNUSED_FUNCTION = YES;
				GCC_WARN_UNUSED_VARIABLE = YES;
				IPHONEOS_DEPLOYMENT_TARGET = 12.1;
				MTL_ENABLE_DEBUG_INFO = INCLUDE_SOURCE;
				MTL_FAST_MATH = YES;
				ONLY_ACTIVE_ARCH = YES;
				SDKROOT = iphoneos;
				SWIFT_ACTIVE_COMPILATION_CONDITIONS = DEBUG;
				SWIFT_OPTIMIZATION_LEVEL = "-Onone";
			};
			name = Debug;
		};
		6B685E812243CA7800625DF2 /* Release */ = {
			isa = XCBuildConfiguration;
			buildSettings = {
				ALWAYS_SEARCH_USER_PATHS = NO;
				CLANG_ANALYZER_NONNULL = YES;
				CLANG_ANALYZER_NUMBER_OBJECT_CONVERSION = YES_AGGRESSIVE;
				CLANG_CXX_LANGUAGE_STANDARD = "gnu++14";
				CLANG_CXX_LIBRARY = "libc++";
				CLANG_ENABLE_MODULES = YES;
				CLANG_ENABLE_OBJC_ARC = YES;
				CLANG_ENABLE_OBJC_WEAK = YES;
				CLANG_WARN_BLOCK_CAPTURE_AUTORELEASING = YES;
				CLANG_WARN_BOOL_CONVERSION = YES;
				CLANG_WARN_COMMA = YES;
				CLANG_WARN_CONSTANT_CONVERSION = YES;
				CLANG_WARN_DEPRECATED_OBJC_IMPLEMENTATIONS = YES;
				CLANG_WARN_DIRECT_OBJC_ISA_USAGE = YES_ERROR;
				CLANG_WARN_DOCUMENTATION_COMMENTS = YES;
				CLANG_WARN_EMPTY_BODY = YES;
				CLANG_WARN_ENUM_CONVERSION = YES;
				CLANG_WARN_INFINITE_RECURSION = YES;
				CLANG_WARN_INT_CONVERSION = YES;
				CLANG_WARN_NON_LITERAL_NULL_CONVERSION = YES;
				CLANG_WARN_OBJC_IMPLICIT_RETAIN_SELF = YES;
				CLANG_WARN_OBJC_LITERAL_CONVERSION = YES;
				CLANG_WARN_OBJC_ROOT_CLASS = YES_ERROR;
				CLANG_WARN_RANGE_LOOP_ANALYSIS = YES;
				CLANG_WARN_STRICT_PROTOTYPES = YES;
				CLANG_WARN_SUSPICIOUS_MOVE = YES;
				CLANG_WARN_UNGUARDED_AVAILABILITY = YES_AGGRESSIVE;
				CLANG_WARN_UNREACHABLE_CODE = YES;
				CLANG_WARN__DUPLICATE_METHOD_MATCH = YES;
				CODE_SIGN_IDENTITY = "iPhone Developer";
				COPY_PHASE_STRIP = NO;
				DEBUG_INFORMATION_FORMAT = "dwarf-with-dsym";
				ENABLE_NS_ASSERTIONS = NO;
				ENABLE_STRICT_OBJC_MSGSEND = YES;
				GCC_C_LANGUAGE_STANDARD = gnu11;
				GCC_NO_COMMON_BLOCKS = YES;
				GCC_WARN_64_TO_32_BIT_CONVERSION = YES;
				GCC_WARN_ABOUT_RETURN_TYPE = YES_ERROR;
				GCC_WARN_UNDECLARED_SELECTOR = YES;
				GCC_WARN_UNINITIALIZED_AUTOS = YES_AGGRESSIVE;
				GCC_WARN_UNUSED_FUNCTION = YES;
				GCC_WARN_UNUSED_VARIABLE = YES;
				IPHONEOS_DEPLOYMENT_TARGET = 12.1;
				MTL_ENABLE_DEBUG_INFO = NO;
				MTL_FAST_MATH = YES;
				SDKROOT = iphoneos;
				SWIFT_COMPILATION_MODE = wholemodule;
				SWIFT_OPTIMIZATION_LEVEL = "-O";
				VALIDATE_PRODUCT = YES;
			};
			name = Release;
		};
		6B685E832243CA7800625DF2 /* Debug */ = {
			isa = XCBuildConfiguration;
			buildSettings = {
				ASSETCATALOG_COMPILER_APPICON_NAME = AppIcon;
				CODE_SIGN_STYLE = Automatic;
				INFOPLIST_FILE = TasksWithTasks/Info.plist;
				LD_RUNPATH_SEARCH_PATHS = (
					"$(inherited)",
					"@executable_path/Frameworks",
				);
				PRODUCT_BUNDLE_IDENTIFIER = GeakBrains.Education.TasksWithTasks;
				PRODUCT_NAME = "$(TARGET_NAME)";
				SWIFT_VERSION = 4.2;
				TARGETED_DEVICE_FAMILY = "1,2";
			};
			name = Debug;
		};
		6B685E842243CA7800625DF2 /* Release */ = {
			isa = XCBuildConfiguration;
			buildSettings = {
				ASSETCATALOG_COMPILER_APPICON_NAME = AppIcon;
				CODE_SIGN_STYLE = Automatic;
				INFOPLIST_FILE = TasksWithTasks/Info.plist;
				LD_RUNPATH_SEARCH_PATHS = (
					"$(inherited)",
					"@executable_path/Frameworks",
				);
				PRODUCT_BUNDLE_IDENTIFIER = GeakBrains.Education.TasksWithTasks;
				PRODUCT_NAME = "$(TARGET_NAME)";
				SWIFT_VERSION = 4.2;
				TARGETED_DEVICE_FAMILY = "1,2";
			};
			name = Release;
		};
/* End XCBuildConfiguration section */

/* Begin XCConfigurationList section */
		6B685E6B2243CA7800625DF2 /* Build configuration list for PBXProject "TasksWithTasks" */ = {
			isa = XCConfigurationList;
			buildConfigurations = (
				6B685E802243CA7800625DF2 /* Debug */,
				6B685E812243CA7800625DF2 /* Release */,
			);
			defaultConfigurationIsVisible = 0;
			defaultConfigurationName = Release;
		};
		6B685E822243CA7800625DF2 /* Build configuration list for PBXNativeTarget "TasksWithTasks" */ = {
			isa = XCConfigurationList;
			buildConfigurations = (
				6B685E832243CA7800625DF2 /* Debug */,
				6B685E842243CA7800625DF2 /* Release */,
			);
			defaultConfigurationIsVisible = 0;
			defaultConfigurationName = Release;
		};
/* End XCConfigurationList section */
	};
	rootObject = 6B685E682243CA7800625DF2 /* Project object */;
}
